
Microsoft Visual Studio Solution File, Format Version 12.00
# Visual Studio Version 17
VisualStudioVersion = 17.1.32407.343
MinimumVisualStudioVersion = 10.0.40219.1
Project("{9A19103F-16F7-4668-BE54-9A1E7A4F7556}") = "Framework.Cache.Test", "Framework.Cache.Test\Framework.Cache.Test.csproj", "{9A5652D4-F511-4AF3-9F03-70DA5E1EC758}"
EndProject
Project("{9A19103F-16F7-4668-BE54-9A1E7A4F7556}") = "Framework.Cache", "Framework.Cache\Framework.Cache.csproj", "{02D07C34-1DFD-48ED-81B7-5EF6381A2509}"
EndProject
Project("{2150E333-8FDC-42A3-9474-1A3956D46DE8}") = "Github Actions", "Github Actions", "{DA4D274D-BF01-49EF-90B0-53EDFD555573}"
EndProject
Project("{2150E333-8FDC-42A3-9474-1A3956D46DE8}") = "workflows", "workflows", "{40770CDF-DBFF-455D-8924-DDEF949850AC}"
	ProjectSection(SolutionItems) = preProject
		.github\workflows\nuget.yml = .github\workflows\nuget.yml
	EndProjectSection
EndProject
Project("{2150E333-8FDC-42A3-9474-1A3956D46DE8}") = "Solution Items", "Solution Items", "{45C86DD0-5A01-4074-8C82-747A04028C06}"
	ProjectSection(SolutionItems) = preProject
		README.md = README.md
	EndProjectSection
EndProject
Global
	GlobalSection(SolutionConfigurationPlatforms) = preSolution
		Debug|Any CPU = Debug|Any CPU
		Release|Any CPU = Release|Any CPU
	EndGlobalSection
	GlobalSection(ProjectConfigurationPlatforms) = postSolution
		{9A5652D4-F511-4AF3-9F03-70DA5E1EC758}.Debug|Any CPU.ActiveCfg = Debug|Any CPU
		{9A5652D4-F511-4AF3-9F03-70DA5E1EC758}.Debug|Any CPU.Build.0 = Debug|Any CPU
		{9A5652D4-F511-4AF3-9F03-70DA5E1EC758}.Release|Any CPU.ActiveCfg = Release|Any CPU
		{9A5652D4-F511-4AF3-9F03-70DA5E1EC758}.Release|Any CPU.Build.0 = Release|Any CPU
		{02D07C34-1DFD-48ED-81B7-5EF6381A2509}.Debug|Any CPU.ActiveCfg = Debug|Any CPU
		{02D07C34-1DFD-48ED-81B7-5EF6381A2509}.Debug|Any CPU.Build.0 = Debug|Any CPU
		{02D07C34-1DFD-48ED-81B7-5EF6381A2509}.Release|Any CPU.ActiveCfg = Release|Any CPU
		{02D07C34-1DFD-48ED-81B7-5EF6381A2509}.Release|Any CPU.Build.0 = Release|Any CPU
	EndGlobalSection
	GlobalSection(SolutionProperties) = preSolution
		HideSolutionNode = FALSE
	EndGlobalSection
	GlobalSection(NestedProjects) = preSolution
		{40770CDF-DBFF-455D-8924-DDEF949850AC} = {DA4D274D-BF01-49EF-90B0-53EDFD555573}
	EndGlobalSection
	GlobalSection(ExtensibilityGlobals) = postSolution
		SolutionGuid = {EB8329DE-3E0C-4749-A40C-8E31667DBDB4}
	EndGlobalSection
EndGlobal
